
Microsoft Visual Studio Solution File, Format Version 12.00
# Visual Studio Version 16
VisualStudioVersion = 16.0.29424.173
MinimumVisualStudioVersion = 10.0.40219.1
Project("{FAE04EC0-301F-11D3-BF4B-00C04F79EFBC}") = "Z6-WF", "Z6-WF.csproj", "{A709C81D-D7CD-424A-BF4B-0EB1D4CBA371}"
EndProject
Global
	GlobalSection(SolutionConfigurationPlatforms) = preSolution
		Debug|Any CPU = Debug|Any CPU
		Release|Any CPU = Release|Any CPU
	EndGlobalSection
	GlobalSection(ProjectConfigurationPlatforms) = postSolution
		{A709C81D-D7CD-424A-BF4B-0EB1D4CBA371}.Debug|Any CPU.ActiveCfg = Debug|Any CPU
		{A709C81D-D7CD-424A-BF4B-0EB1D4CBA371}.Debug|Any CPU.Build.0 = Debug|Any CPU
		{A709C81D-D7CD-424A-BF4B-0EB1D4CBA371}.Release|Any CPU.ActiveCfg = Release|Any CPU
		{A709C81D-D7CD-424A-BF4B-0EB1D4CBA371}.Release|Any CPU.Build.0 = Release|Any CPU
	EndGlobalSection
	GlobalSection(SolutionProperties) = preSolution
		HideSolutionNode = FALSE
	EndGlobalSection
	GlobalSection(ExtensibilityGlobals) = postSolution
		SolutionGuid = {AA8DBF77-5EC4-43C1-B8A5-5ADFF9142D04}
	EndGlobalSection
EndGlobal
